# This file was autogenerated by Stack.
# You should not edit this file by hand.
# For more information, please see the documentation at:
#   https://docs.haskellstack.org/en/stable/topics/lock_files

packages:
- completed:
    hackage: hoogle-5.0.18.4@sha256:aaf0274da7de4e31ade69ad09f57a59ee25b3765cd102e631629850521754984,3333
    pantry-tree:
      sha256: 62d0ccb848ecd2b8f29dc782e3d0a9bde57fa626f09e800822229965728f476c
      size: 3414
  original:
    hackage: hoogle-5.0.18.4
snapshots:
- completed:
    sha256: 4be1ca5d31689b524a7f0f17a439bbe9136465213edc498e9a395899a670f2aa
    size: 718486
    url: https://raw.githubusercontent.com/commercialhaskell/stackage-snapshots/master/lts/22/22.yaml
  original: lts-22.22
